
Microsoft Visual Studio Solution File, Format Version 12.00
# Visual Studio Version 16
VisualStudioVersion = 16.0.30907.101
MinimumVisualStudioVersion = 10.0.40219.1
Project("{FAE04EC0-301F-11D3-BF4B-00C04F79EFBC}") = "DataAccess", "DataAccess\DataAccess.csproj", "{D641AC56-83D6-42D8-83AD-260155A09B71}"
EndProject
Project("{FAE04EC0-301F-11D3-BF4B-00C04F79EFBC}") = "Business", "Business\Business.csproj", "{4E6D6C0A-024D-42FD-BABD-1D3C7A46C8F7}"
EndProject
Project("{FAE04EC0-301F-11D3-BF4B-00C04F79EFBC}") = "Entities", "Entities\Entities.csproj", "{10B5F498-F9AE-441B-9D36-A207086DEAB3}"
EndProject
Project("{FAE04EC0-301F-11D3-BF4B-00C04F79EFBC}") = "ConsoleUI", "ConsoleUI\ConsoleUI.csproj", "{D06B0BED-6287-4BE6-A39F-D397C4121FFE}"
EndProject
Global
	GlobalSection(SolutionConfigurationPlatforms) = preSolution
		Debug|Any CPU = Debug|Any CPU
		Release|Any CPU = Release|Any CPU
	EndGlobalSection
	GlobalSection(ProjectConfigurationPlatforms) = postSolution
		{D641AC56-83D6-42D8-83AD-260155A09B71}.Debug|Any CPU.ActiveCfg = Debug|Any CPU
		{D641AC56-83D6-42D8-83AD-260155A09B71}.Debug|Any CPU.Build.0 = Debug|Any CPU
		{D641AC56-83D6-42D8-83AD-260155A09B71}.Release|Any CPU.ActiveCfg = Release|Any CPU
		{D641AC56-83D6-42D8-83AD-260155A09B71}.Release|Any CPU.Build.0 = Release|Any CPU
		{4E6D6C0A-024D-42FD-BABD-1D3C7A46C8F7}.Debug|Any CPU.ActiveCfg = Debug|Any CPU
		{4E6D6C0A-024D-42FD-BABD-1D3C7A46C8F7}.Debug|Any CPU.Build.0 = Debug|Any CPU
		{4E6D6C0A-024D-42FD-BABD-1D3C7A46C8F7}.Release|Any CPU.ActiveCfg = Release|Any CPU
		{4E6D6C0A-024D-42FD-BABD-1D3C7A46C8F7}.Release|Any CPU.Build.0 = Release|Any CPU
		{10B5F498-F9AE-441B-9D36-A207086DEAB3}.Debug|Any CPU.ActiveCfg = Debug|Any CPU
		{10B5F498-F9AE-441B-9D36-A207086DEAB3}.Debug|Any CPU.Build.0 = Debug|Any CPU
		{10B5F498-F9AE-441B-9D36-A207086DEAB3}.Release|Any CPU.ActiveCfg = Release|Any CPU
		{10B5F498-F9AE-441B-9D36-A207086DEAB3}.Release|Any CPU.Build.0 = Release|Any CPU
		{D06B0BED-6287-4BE6-A39F-D397C4121FFE}.Debug|Any CPU.ActiveCfg = Debug|Any CPU
		{D06B0BED-6287-4BE6-A39F-D397C4121FFE}.Debug|Any CPU.Build.0 = Debug|Any CPU
		{D06B0BED-6287-4BE6-A39F-D397C4121FFE}.Release|Any CPU.ActiveCfg = Release|Any CPU
		{D06B0BED-6287-4BE6-A39F-D397C4121FFE}.Release|Any CPU.Build.0 = Release|Any CPU
	EndGlobalSection
	GlobalSection(SolutionProperties) = preSolution
		HideSolutionNode = FALSE
	EndGlobalSection
	GlobalSection(ExtensibilityGlobals) = postSolution
		SolutionGuid = {64243B6A-3C9D-4C22-9AF8-D8F11742924C}
	EndGlobalSection
EndGlobal
